
Microsoft Visual Studio Solution File, Format Version 12.00
# Visual Studio Version 17
VisualStudioVersion = 17.11.35303.130
MinimumVisualStudioVersion = 10.0.40219.1
Project("{9A19103F-16F7-4668-BE54-9A1E7A4F7556}") = "GarbageCollection", "GarbageCollection\GarbageCollection.csproj", "{7034AA7E-53F6-44AF-A670-030EB1AF9544}"
EndProject
Project("{FAE04EC0-301F-11D3-BF4B-00C04F79EFBC}") = "Simulation", "Simulation\Simulation.csproj", "{F6E3D078-BFDD-41F2-BA7F-F0DCD1708CFB}"
EndProject
Global
	GlobalSection(SolutionConfigurationPlatforms) = preSolution
		Debug|Any CPU = Debug|Any CPU
		Release|Any CPU = Release|Any CPU
	EndGlobalSection
	GlobalSection(ProjectConfigurationPlatforms) = postSolution
		{7034AA7E-53F6-44AF-A670-030EB1AF9544}.Debug|Any CPU.ActiveCfg = Debug|Any CPU
		{7034AA7E-53F6-44AF-A670-030EB1AF9544}.Debug|Any CPU.Build.0 = Debug|Any CPU
		{7034AA7E-53F6-44AF-A670-030EB1AF9544}.Release|Any CPU.ActiveCfg = Release|Any CPU
		{7034AA7E-53F6-44AF-A670-030EB1AF9544}.Release|Any CPU.Build.0 = Release|Any CPU
		{F6E3D078-BFDD-41F2-BA7F-F0DCD1708CFB}.Debug|Any CPU.ActiveCfg = Debug|Any CPU
		{F6E3D078-BFDD-41F2-BA7F-F0DCD1708CFB}.Debug|Any CPU.Build.0 = Debug|Any CPU
		{F6E3D078-BFDD-41F2-BA7F-F0DCD1708CFB}.Release|Any CPU.ActiveCfg = Release|Any CPU
		{F6E3D078-BFDD-41F2-BA7F-F0DCD1708CFB}.Release|Any CPU.Build.0 = Release|Any CPU
	EndGlobalSection
	GlobalSection(SolutionProperties) = preSolution
		HideSolutionNode = FALSE
	EndGlobalSection
	GlobalSection(ExtensibilityGlobals) = postSolution
		SolutionGuid = {DF626D9F-938E-4AFC-B56A-31EA2E8A80BD}
	EndGlobalSection
EndGlobal
